
Microsoft Visual Studio Solution File, Format Version 12.00
# Visual Studio Version 17
VisualStudioVersion = 17.1.32210.238
MinimumVisualStudioVersion = 10.0.40219.1
Project("{2150E333-8FDC-42A3-9474-1A3956D46DE8}") = "src", "src", "{353091F7-050A-4F64-BA7D-C6F55EF08A6E}"
EndProject
Project("{9A19103F-16F7-4668-BE54-9A1E7A4F7556}") = "GroceryShop.Entities", "src\GroceryShop.Entities\GroceryShop.Entities.csproj", "{3C15C736-ED55-4F38-AE9D-9E51D8FA070F}"
EndProject
Project("{9A19103F-16F7-4668-BE54-9A1E7A4F7556}") = "GroceryShop.Infrastructure", "src\GroceryShop.Infrastructure\GroceryShop.Infrastructure.csproj", "{3F3B58E8-666E-44FB-B3AE-E53AA1D821A4}"
EndProject
Project("{9A19103F-16F7-4668-BE54-9A1E7A4F7556}") = "GroceryShop.Persistence.EF", "src\GroceryShop.Persistence.EF\GroceryShop.Persistence.EF.csproj", "{8DE92EAD-26B1-4217-9812-ED577236EB2A}"
EndProject
Project("{9A19103F-16F7-4668-BE54-9A1E7A4F7556}") = "GroceryShop.Migrations", "src\GroceryShop.Migrations\GroceryShop.Migrations.csproj", "{5CD2C2A6-8FE9-43E9-9E0A-2005AFD39904}"
EndProject
Project("{9A19103F-16F7-4668-BE54-9A1E7A4F7556}") = "GroceryShop.Services", "src\GroceryShop.Services\GroceryShop.Services.csproj", "{2E88C330-2B9B-473A-9C8A-5496F116130E}"
EndProject
Project("{2150E333-8FDC-42A3-9474-1A3956D46DE8}") = "Tests", "Tests", "{D6258C4B-7BCB-427D-ADD9-8004D8AA4F6C}"
EndProject
Project("{9A19103F-16F7-4668-BE54-9A1E7A4F7556}") = "GroceryShop.Services.Test.Unit", "src\GroceryShop.Services.Test.Unit\GroceryShop.Services.Test.Unit.csproj", "{7F8A375A-D1C4-4684-A862-16B9145CC5C9}"
EndProject
Project("{9A19103F-16F7-4668-BE54-9A1E7A4F7556}") = "GroceryShop.Specs", "src\GroceryShop.Specs\GroceryShop.Specs.csproj", "{4A7ECD05-54BA-43CF-AF45-AA08AD28BCBF}"
EndProject
Project("{9A19103F-16F7-4668-BE54-9A1E7A4F7556}") = "GroceryShop.TestTools", "src\GroceryShop.Test.Tools\GroceryShop.TestTools.csproj", "{2217371C-740A-476C-A2AA-140DDA672E75}"
EndProject
Project("{FAE04EC0-301F-11D3-BF4B-00C04F79EFBC}") = "GroceryShop.RestApi", "src\GroceryShop.RestApi\GroceryShop.RestApi.csproj", "{65A8C602-F611-4299-981E-80628DEC7A86}"
EndProject
Global
	GlobalSection(SolutionConfigurationPlatforms) = preSolution
		Debug|Any CPU = Debug|Any CPU
		Release|Any CPU = Release|Any CPU
	EndGlobalSection
	GlobalSection(ProjectConfigurationPlatforms) = postSolution
		{3C15C736-ED55-4F38-AE9D-9E51D8FA070F}.Debug|Any CPU.ActiveCfg = Debug|Any CPU
		{3C15C736-ED55-4F38-AE9D-9E51D8FA070F}.Debug|Any CPU.Build.0 = Debug|Any CPU
		{3C15C736-ED55-4F38-AE9D-9E51D8FA070F}.Release|Any CPU.ActiveCfg = Release|Any CPU
		{3C15C736-ED55-4F38-AE9D-9E51D8FA070F}.Release|Any CPU.Build.0 = Release|Any CPU
		{3F3B58E8-666E-44FB-B3AE-E53AA1D821A4}.Debug|Any CPU.ActiveCfg = Debug|Any CPU
		{3F3B58E8-666E-44FB-B3AE-E53AA1D821A4}.Debug|Any CPU.Build.0 = Debug|Any CPU
		{3F3B58E8-666E-44FB-B3AE-E53AA1D821A4}.Release|Any CPU.ActiveCfg = Release|Any CPU
		{3F3B58E8-666E-44FB-B3AE-E53AA1D821A4}.Release|Any CPU.Build.0 = Release|Any CPU
		{8DE92EAD-26B1-4217-9812-ED577236EB2A}.Debug|Any CPU.ActiveCfg = Debug|Any CPU
		{8DE92EAD-26B1-4217-9812-ED577236EB2A}.Debug|Any CPU.Build.0 = Debug|Any CPU
		{8DE92EAD-26B1-4217-9812-ED577236EB2A}.Release|Any CPU.ActiveCfg = Release|Any CPU
		{8DE92EAD-26B1-4217-9812-ED577236EB2A}.Release|Any CPU.Build.0 = Release|Any CPU
		{5CD2C2A6-8FE9-43E9-9E0A-2005AFD39904}.Debug|Any CPU.ActiveCfg = Debug|Any CPU
		{5CD2C2A6-8FE9-43E9-9E0A-2005AFD39904}.Debug|Any CPU.Build.0 = Debug|Any CPU
		{5CD2C2A6-8FE9-43E9-9E0A-2005AFD39904}.Release|Any CPU.ActiveCfg = Release|Any CPU
		{5CD2C2A6-8FE9-43E9-9E0A-2005AFD39904}.Release|Any CPU.Build.0 = Release|Any CPU
		{2E88C330-2B9B-473A-9C8A-5496F116130E}.Debug|Any CPU.ActiveCfg = Debug|Any CPU
		{2E88C330-2B9B-473A-9C8A-5496F116130E}.Debug|Any CPU.Build.0 = Debug|Any CPU
		{2E88C330-2B9B-473A-9C8A-5496F116130E}.Release|Any CPU.ActiveCfg = Release|Any CPU
		{2E88C330-2B9B-473A-9C8A-5496F116130E}.Release|Any CPU.Build.0 = Release|Any CPU
		{7F8A375A-D1C4-4684-A862-16B9145CC5C9}.Debug|Any CPU.ActiveCfg = Debug|Any CPU
		{7F8A375A-D1C4-4684-A862-16B9145CC5C9}.Debug|Any CPU.Build.0 = Debug|Any CPU
		{7F8A375A-D1C4-4684-A862-16B9145CC5C9}.Release|Any CPU.ActiveCfg = Release|Any CPU
		{7F8A375A-D1C4-4684-A862-16B9145CC5C9}.Release|Any CPU.Build.0 = Release|Any CPU
		{4A7ECD05-54BA-43CF-AF45-AA08AD28BCBF}.Debug|Any CPU.ActiveCfg = Debug|Any CPU
		{4A7ECD05-54BA-43CF-AF45-AA08AD28BCBF}.Debug|Any CPU.Build.0 = Debug|Any CPU
		{4A7ECD05-54BA-43CF-AF45-AA08AD28BCBF}.Release|Any CPU.ActiveCfg = Release|Any CPU
		{4A7ECD05-54BA-43CF-AF45-AA08AD28BCBF}.Release|Any CPU.Build.0 = Release|Any CPU
		{2217371C-740A-476C-A2AA-140DDA672E75}.Debug|Any CPU.ActiveCfg = Debug|Any CPU
		{2217371C-740A-476C-A2AA-140DDA672E75}.Debug|Any CPU.Build.0 = Debug|Any CPU
		{2217371C-740A-476C-A2AA-140DDA672E75}.Release|Any CPU.ActiveCfg = Release|Any CPU
		{2217371C-740A-476C-A2AA-140DDA672E75}.Release|Any CPU.Build.0 = Release|Any CPU
		{65A8C602-F611-4299-981E-80628DEC7A86}.Debug|Any CPU.ActiveCfg = Debug|Any CPU
		{65A8C602-F611-4299-981E-80628DEC7A86}.Debug|Any CPU.Build.0 = Debug|Any CPU
		{65A8C602-F611-4299-981E-80628DEC7A86}.Release|Any CPU.ActiveCfg = Release|Any CPU
		{65A8C602-F611-4299-981E-80628DEC7A86}.Release|Any CPU.Build.0 = Release|Any CPU
	EndGlobalSection
	GlobalSection(SolutionProperties) = preSolution
		HideSolutionNode = FALSE
	EndGlobalSection
	GlobalSection(NestedProjects) = preSolution
		{3C15C736-ED55-4F38-AE9D-9E51D8FA070F} = {353091F7-050A-4F64-BA7D-C6F55EF08A6E}
		{3F3B58E8-666E-44FB-B3AE-E53AA1D821A4} = {353091F7-050A-4F64-BA7D-C6F55EF08A6E}
		{8DE92EAD-26B1-4217-9812-ED577236EB2A} = {353091F7-050A-4F64-BA7D-C6F55EF08A6E}
		{5CD2C2A6-8FE9-43E9-9E0A-2005AFD39904} = {353091F7-050A-4F64-BA7D-C6F55EF08A6E}
		{2E88C330-2B9B-473A-9C8A-5496F116130E} = {353091F7-050A-4F64-BA7D-C6F55EF08A6E}
		{7F8A375A-D1C4-4684-A862-16B9145CC5C9} = {D6258C4B-7BCB-427D-ADD9-8004D8AA4F6C}
		{4A7ECD05-54BA-43CF-AF45-AA08AD28BCBF} = {D6258C4B-7BCB-427D-ADD9-8004D8AA4F6C}
		{2217371C-740A-476C-A2AA-140DDA672E75} = {D6258C4B-7BCB-427D-ADD9-8004D8AA4F6C}
		{65A8C602-F611-4299-981E-80628DEC7A86} = {353091F7-050A-4F64-BA7D-C6F55EF08A6E}
	EndGlobalSection
	GlobalSection(ExtensibilityGlobals) = postSolution
		SolutionGuid = {BCD6CF0D-0BE9-4E8C-8032-A0FB49EF873A}
	EndGlobalSection
EndGlobal
